
Microsoft Visual Studio Solution File, Format Version 12.00
# Visual Studio 15
VisualStudioVersion = 15.0.26403.3
MinimumVisualStudioVersion = 10.0.40219.1
Project("{FAE04EC0-301F-11D3-BF4B-00C04F79EFBC}") = "Bowling", "Bowling\Bowling.csproj", "{D7105F7E-070C-474F-8957-BB2D9101DE5F}"
EndProject
Project("{FAE04EC0-301F-11D3-BF4B-00C04F79EFBC}") = "Bowling.Data", "Bowling.Data\Bowling.Data.csproj", "{5AD12A31-CCC8-487D-8544-60C8C61FD369}"
EndProject
Project("{FAE04EC0-301F-11D3-BF4B-00C04F79EFBC}") = "Bowling.Data.Tests", "Bowling.Data.Tests\Bowling.Data.Tests.csproj", "{21F6D7E7-97A2-4114-A296-932E2DC2F3E5}"
EndProject
Global
	GlobalSection(SolutionConfigurationPlatforms) = preSolution
		Debug|Any CPU = Debug|Any CPU
		Release|Any CPU = Release|Any CPU
	EndGlobalSection
	GlobalSection(ProjectConfigurationPlatforms) = postSolution
		{D7105F7E-070C-474F-8957-BB2D9101DE5F}.Debug|Any CPU.ActiveCfg = Debug|Any CPU
		{D7105F7E-070C-474F-8957-BB2D9101DE5F}.Debug|Any CPU.Build.0 = Debug|Any CPU
		{D7105F7E-070C-474F-8957-BB2D9101DE5F}.Release|Any CPU.ActiveCfg = Release|Any CPU
		{D7105F7E-070C-474F-8957-BB2D9101DE5F}.Release|Any CPU.Build.0 = Release|Any CPU
		{5AD12A31-CCC8-487D-8544-60C8C61FD369}.Debug|Any CPU.ActiveCfg = Debug|Any CPU
		{5AD12A31-CCC8-487D-8544-60C8C61FD369}.Debug|Any CPU.Build.0 = Debug|Any CPU
		{5AD12A31-CCC8-487D-8544-60C8C61FD369}.Release|Any CPU.ActiveCfg = Release|Any CPU
		{5AD12A31-CCC8-487D-8544-60C8C61FD369}.Release|Any CPU.Build.0 = Release|Any CPU
		{21F6D7E7-97A2-4114-A296-932E2DC2F3E5}.Debug|Any CPU.ActiveCfg = Debug|Any CPU
		{21F6D7E7-97A2-4114-A296-932E2DC2F3E5}.Debug|Any CPU.Build.0 = Debug|Any CPU
		{21F6D7E7-97A2-4114-A296-932E2DC2F3E5}.Release|Any CPU.ActiveCfg = Release|Any CPU
		{21F6D7E7-97A2-4114-A296-932E2DC2F3E5}.Release|Any CPU.Build.0 = Release|Any CPU
	EndGlobalSection
	GlobalSection(SolutionProperties) = preSolution
		HideSolutionNode = FALSE
	EndGlobalSection
EndGlobal
